
Microsoft Visual Studio Solution File, Format Version 12.00
# Visual Studio 15
VisualStudioVersion = 15.0.28307.572
MinimumVisualStudioVersion = 10.0.40219.1
Project("{FAE04EC0-301F-11D3-BF4B-00C04F79EFBC}") = "CurrenciesRate", "CurrenciesRate\CurrenciesRate.csproj", "{3E252CE0-052E-48BA-8429-1E91F969DE79}"
EndProject
Project("{FAE04EC0-301F-11D3-BF4B-00C04F79EFBC}") = "Controller", "Controller\Controller.csproj", "{1EF6A114-5C24-41F4-BF28-DCA5BE70D782}"
EndProject
Project("{FAE04EC0-301F-11D3-BF4B-00C04F79EFBC}") = "Pages", "Pages\Pages.csproj", "{ED5A35AC-A27C-46F1-9D30-2C33086C3C08}"
EndProject
Project("{FAE04EC0-301F-11D3-BF4B-00C04F79EFBC}") = "Writers", "Writers\Writers.csproj", "{411F2A98-C6E2-41C7-9E55-5D65E7557362}"
EndProject
Project("{FAE04EC0-301F-11D3-BF4B-00C04F79EFBC}") = "Models", "Models\Models.csproj", "{ABF91BB9-2C38-4420-B8B7-1B5F64EDF9EC}"
EndProject
Global
	GlobalSection(SolutionConfigurationPlatforms) = preSolution
		Debug|Any CPU = Debug|Any CPU
		Release|Any CPU = Release|Any CPU
	EndGlobalSection
	GlobalSection(ProjectConfigurationPlatforms) = postSolution
		{3E252CE0-052E-48BA-8429-1E91F969DE79}.Debug|Any CPU.ActiveCfg = Debug|Any CPU
		{3E252CE0-052E-48BA-8429-1E91F969DE79}.Debug|Any CPU.Build.0 = Debug|Any CPU
		{3E252CE0-052E-48BA-8429-1E91F969DE79}.Release|Any CPU.ActiveCfg = Release|Any CPU
		{3E252CE0-052E-48BA-8429-1E91F969DE79}.Release|Any CPU.Build.0 = Release|Any CPU
		{1EF6A114-5C24-41F4-BF28-DCA5BE70D782}.Debug|Any CPU.ActiveCfg = Debug|Any CPU
		{1EF6A114-5C24-41F4-BF28-DCA5BE70D782}.Debug|Any CPU.Build.0 = Debug|Any CPU
		{1EF6A114-5C24-41F4-BF28-DCA5BE70D782}.Release|Any CPU.ActiveCfg = Release|Any CPU
		{1EF6A114-5C24-41F4-BF28-DCA5BE70D782}.Release|Any CPU.Build.0 = Release|Any CPU
		{ED5A35AC-A27C-46F1-9D30-2C33086C3C08}.Debug|Any CPU.ActiveCfg = Debug|Any CPU
		{ED5A35AC-A27C-46F1-9D30-2C33086C3C08}.Debug|Any CPU.Build.0 = Debug|Any CPU
		{ED5A35AC-A27C-46F1-9D30-2C33086C3C08}.Release|Any CPU.ActiveCfg = Release|Any CPU
		{ED5A35AC-A27C-46F1-9D30-2C33086C3C08}.Release|Any CPU.Build.0 = Release|Any CPU
		{411F2A98-C6E2-41C7-9E55-5D65E7557362}.Debug|Any CPU.ActiveCfg = Debug|Any CPU
		{411F2A98-C6E2-41C7-9E55-5D65E7557362}.Debug|Any CPU.Build.0 = Debug|Any CPU
		{411F2A98-C6E2-41C7-9E55-5D65E7557362}.Release|Any CPU.ActiveCfg = Release|Any CPU
		{411F2A98-C6E2-41C7-9E55-5D65E7557362}.Release|Any CPU.Build.0 = Release|Any CPU
		{ABF91BB9-2C38-4420-B8B7-1B5F64EDF9EC}.Debug|Any CPU.ActiveCfg = Debug|Any CPU
		{ABF91BB9-2C38-4420-B8B7-1B5F64EDF9EC}.Debug|Any CPU.Build.0 = Debug|Any CPU
		{ABF91BB9-2C38-4420-B8B7-1B5F64EDF9EC}.Release|Any CPU.ActiveCfg = Release|Any CPU
		{ABF91BB9-2C38-4420-B8B7-1B5F64EDF9EC}.Release|Any CPU.Build.0 = Release|Any CPU
	EndGlobalSection
	GlobalSection(SolutionProperties) = preSolution
		HideSolutionNode = FALSE
	EndGlobalSection
	GlobalSection(ExtensibilityGlobals) = postSolution
		SolutionGuid = {AAAC5FA4-B462-4CCA-84BA-75DB591F0784}
	EndGlobalSection
EndGlobal
