
Microsoft Visual Studio Solution File, Format Version 12.00
# Visual Studio 15
VisualStudioVersion = 15.0.28307.421
MinimumVisualStudioVersion = 10.0.40219.1
Project("{FAE04EC0-301F-11D3-BF4B-00C04F79EFBC}") = "DEV-4", "DEV-4\DEV-4.csproj", "{8E14713A-ADFA-47BC-97FA-90BA37B381C3}"
EndProject
Project("{FAE04EC0-301F-11D3-BF4B-00C04F79EFBC}") = "Materials", "Materials\Materials.csproj", "{A05FAAF1-74BD-4735-A786-2D7B0C4C4D7A}"
EndProject
Global
	GlobalSection(SolutionConfigurationPlatforms) = preSolution
		Debug|Any CPU = Debug|Any CPU
		Release|Any CPU = Release|Any CPU
	EndGlobalSection
	GlobalSection(ProjectConfigurationPlatforms) = postSolution
		{8E14713A-ADFA-47BC-97FA-90BA37B381C3}.Debug|Any CPU.ActiveCfg = Debug|Any CPU
		{8E14713A-ADFA-47BC-97FA-90BA37B381C3}.Debug|Any CPU.Build.0 = Debug|Any CPU
		{8E14713A-ADFA-47BC-97FA-90BA37B381C3}.Release|Any CPU.ActiveCfg = Release|Any CPU
		{8E14713A-ADFA-47BC-97FA-90BA37B381C3}.Release|Any CPU.Build.0 = Release|Any CPU
		{A05FAAF1-74BD-4735-A786-2D7B0C4C4D7A}.Debug|Any CPU.ActiveCfg = Debug|Any CPU
		{A05FAAF1-74BD-4735-A786-2D7B0C4C4D7A}.Debug|Any CPU.Build.0 = Debug|Any CPU
		{A05FAAF1-74BD-4735-A786-2D7B0C4C4D7A}.Release|Any CPU.ActiveCfg = Release|Any CPU
		{A05FAAF1-74BD-4735-A786-2D7B0C4C4D7A}.Release|Any CPU.Build.0 = Release|Any CPU
	EndGlobalSection
	GlobalSection(SolutionProperties) = preSolution
		HideSolutionNode = FALSE
	EndGlobalSection
	GlobalSection(ExtensibilityGlobals) = postSolution
		SolutionGuid = {A07C392B-8E16-45DE-BC3F-D838DBDEC3B7}
	EndGlobalSection
EndGlobal
