
Microsoft Visual Studio Solution File, Format Version 12.00
# Visual Studio 15
VisualStudioVersion = 15.0.28307.421
MinimumVisualStudioVersion = 10.0.40219.1
Project("{FAE04EC0-301F-11D3-BF4B-00C04F79EFBC}") = "CW3Triangle", "CW3Triangle\CW3Triangle.csproj", "{383F6147-C497-49E3-8B90-7D9A1AE0AD99}"
EndProject
Global
	GlobalSection(SolutionConfigurationPlatforms) = preSolution
		Debug|Any CPU = Debug|Any CPU
		Release|Any CPU = Release|Any CPU
	EndGlobalSection
	GlobalSection(ProjectConfigurationPlatforms) = postSolution
		{383F6147-C497-49E3-8B90-7D9A1AE0AD99}.Debug|Any CPU.ActiveCfg = Debug|Any CPU
		{383F6147-C497-49E3-8B90-7D9A1AE0AD99}.Debug|Any CPU.Build.0 = Debug|Any CPU
		{383F6147-C497-49E3-8B90-7D9A1AE0AD99}.Release|Any CPU.ActiveCfg = Release|Any CPU
		{383F6147-C497-49E3-8B90-7D9A1AE0AD99}.Release|Any CPU.Build.0 = Release|Any CPU
	EndGlobalSection
	GlobalSection(SolutionProperties) = preSolution
		HideSolutionNode = FALSE
	EndGlobalSection
	GlobalSection(ExtensibilityGlobals) = postSolution
		SolutionGuid = {D98CB585-8B79-4F60-850D-42055B19F5C1}
	EndGlobalSection
EndGlobal
